
Microsoft Visual Studio Solution File, Format Version 12.00
# Visual Studio 2013
VisualStudioVersion = 12.0.40629.0
MinimumVisualStudioVersion = 10.0.40219.1
Project("{FAE04EC0-301F-11D3-BF4B-00C04F79EFBC}") = "MyPaint", "MyPaint\MyPaint.csproj", "{A4013111-31F7-4EF1-B6AE-C16FF869CF24}"
EndProject
Project("{FAE04EC0-301F-11D3-BF4B-00C04F79EFBC}") = "PaintLogic", "PaintLogic\PaintLogic.csproj", "{09918B44-5A2F-4867-82BD-AE3C3A0503D5}"
EndProject
Project("{FAE04EC0-301F-11D3-BF4B-00C04F79EFBC}") = "PaintAbstract", "PaintAbstract\PaintAbstract.csproj", "{6B05C889-A88A-40A6-B2AD-B812878F2C2E}"
EndProject
Global
	GlobalSection(SolutionConfigurationPlatforms) = preSolution
		Debug|Any CPU = Debug|Any CPU
		Release|Any CPU = Release|Any CPU
	EndGlobalSection
	GlobalSection(ProjectConfigurationPlatforms) = postSolution
		{A4013111-31F7-4EF1-B6AE-C16FF869CF24}.Debug|Any CPU.ActiveCfg = Debug|Any CPU
		{A4013111-31F7-4EF1-B6AE-C16FF869CF24}.Debug|Any CPU.Build.0 = Debug|Any CPU
		{A4013111-31F7-4EF1-B6AE-C16FF869CF24}.Release|Any CPU.ActiveCfg = Release|Any CPU
		{A4013111-31F7-4EF1-B6AE-C16FF869CF24}.Release|Any CPU.Build.0 = Release|Any CPU
		{09918B44-5A2F-4867-82BD-AE3C3A0503D5}.Debug|Any CPU.ActiveCfg = Debug|Any CPU
		{09918B44-5A2F-4867-82BD-AE3C3A0503D5}.Debug|Any CPU.Build.0 = Debug|Any CPU
		{09918B44-5A2F-4867-82BD-AE3C3A0503D5}.Release|Any CPU.ActiveCfg = Release|Any CPU
		{09918B44-5A2F-4867-82BD-AE3C3A0503D5}.Release|Any CPU.Build.0 = Release|Any CPU
		{6B05C889-A88A-40A6-B2AD-B812878F2C2E}.Debug|Any CPU.ActiveCfg = Debug|Any CPU
		{6B05C889-A88A-40A6-B2AD-B812878F2C2E}.Debug|Any CPU.Build.0 = Debug|Any CPU
		{6B05C889-A88A-40A6-B2AD-B812878F2C2E}.Release|Any CPU.ActiveCfg = Release|Any CPU
		{6B05C889-A88A-40A6-B2AD-B812878F2C2E}.Release|Any CPU.Build.0 = Release|Any CPU
	EndGlobalSection
	GlobalSection(SolutionProperties) = preSolution
		HideSolutionNode = FALSE
	EndGlobalSection
EndGlobal
